
Microsoft Visual Studio Solution File, Format Version 12.00
# Visual Studio Version 16
VisualStudioVersion = 16.0.29215.179
MinimumVisualStudioVersion = 10.0.40219.1
Project("{FAE04EC0-301F-11D3-BF4B-00C04F79EFBC}") = "04-ConsumoServicioWeb", "04-ConsumoServicioWeb\04-ConsumoServicioWeb.csproj", "{BA80A634-657E-4A15-8BC1-ECBE5A8BCD95}"
EndProject
Global
	GlobalSection(SolutionConfigurationPlatforms) = preSolution
		Debug|Any CPU = Debug|Any CPU
		Release|Any CPU = Release|Any CPU
	EndGlobalSection
	GlobalSection(ProjectConfigurationPlatforms) = postSolution
		{BA80A634-657E-4A15-8BC1-ECBE5A8BCD95}.Debug|Any CPU.ActiveCfg = Debug|Any CPU
		{BA80A634-657E-4A15-8BC1-ECBE5A8BCD95}.Debug|Any CPU.Build.0 = Debug|Any CPU
		{BA80A634-657E-4A15-8BC1-ECBE5A8BCD95}.Debug|Any CPU.Deploy.0 = Debug|Any CPU
		{BA80A634-657E-4A15-8BC1-ECBE5A8BCD95}.Release|Any CPU.ActiveCfg = Release|Any CPU
		{BA80A634-657E-4A15-8BC1-ECBE5A8BCD95}.Release|Any CPU.Build.0 = Release|Any CPU
		{BA80A634-657E-4A15-8BC1-ECBE5A8BCD95}.Release|Any CPU.Deploy.0 = Release|Any CPU
	EndGlobalSection
	GlobalSection(SolutionProperties) = preSolution
		HideSolutionNode = FALSE
	EndGlobalSection
	GlobalSection(ExtensibilityGlobals) = postSolution
		SolutionGuid = {31CD8596-5C9A-4E65-A17C-E6D2F70BCB56}
	EndGlobalSection
EndGlobal
